// !$*UTF8*$!
{
	archiveVersion = 1;
	classes = {
	};
	objectVersion = 56;
	objects = {

/* Begin PBXBuildFile section */
		FA42137D2A0BE30600C07DB8 /* ModelCells.swift in Sources */ = {isa = PBXBuildFile; fileRef = FA42137C2A0BE30600C07DB8 /* ModelCells.swift */; };
		FA42137F2A0BE57B00C07DB8 /* SettingCell.swift in Sources */ = {isa = PBXBuildFile; fileRef = FA42137E2A0BE57B00C07DB8 /* SettingCell.swift */; };
		FA69D1B12A01286D0002441C /* AppDelegate.swift in Sources */ = {isa = PBXBuildFile; fileRef = FA69D1B02A01286D0002441C /* AppDelegate.swift */; };
		FA69D1B32A01286D0002441C /* SceneDelegate.swift in Sources */ = {isa = PBXBuildFile; fileRef = FA69D1B22A01286D0002441C /* SceneDelegate.swift */; };
		FA69D1B82A01286D0002441C /* Main.storyboard in Resources */ = {isa = PBXBuildFile; fileRef = FA69D1B62A01286D0002441C /* Main.storyboard */; };
		FA69D1BB2A01286D0002441C /* VoiceReminder.xcdatamodeld in Sources */ = {isa = PBXBuildFile; fileRef = FA69D1B92A01286D0002441C /* VoiceReminder.xcdatamodeld */; };
		FA69D1BD2A01286E0002441C /* Assets.xcassets in Resources */ = {isa = PBXBuildFile; fileRef = FA69D1BC2A01286E0002441C /* Assets.xcassets */; };
		FA69D1C02A01286E0002441C /* LaunchScreen.storyboard in Resources */ = {isa = PBXBuildFile; fileRef = FA69D1BE2A01286E0002441C /* LaunchScreen.storyboard */; };
		FA69D1D12A012A6E0002441C /* MainViewController.swift in Sources */ = {isa = PBXBuildFile; fileRef = FA69D1D02A012A6E0002441C /* MainViewController.swift */; };
		FA69D1D32A012BA40002441C /* ManagerCoreData.swift in Sources */ = {isa = PBXBuildFile; fileRef = FA69D1D22A012BA40002441C /* ManagerCoreData.swift */; };
		FA69D1DC2A012DB30002441C /* MainScreenViewModel.swift in Sources */ = {isa = PBXBuildFile; fileRef = FA69D1DB2A012DB30002441C /* MainScreenViewModel.swift */; };
		FA69D1DE2A01369B0002441C /* ManagerVoice.swift in Sources */ = {isa = PBXBuildFile; fileRef = FA69D1DD2A01369B0002441C /* ManagerVoice.swift */; };
		FA69D20C2A016E510002441C /* ConfigureViews.swift in Sources */ = {isa = PBXBuildFile; fileRef = FA69D20B2A016E510002441C /* ConfigureViews.swift */; };
		FA69D20E2A0175520002441C /* ListVoiceViewController.swift in Sources */ = {isa = PBXBuildFile; fileRef = FA69D20D2A0175520002441C /* ListVoiceViewController.swift */; };
		FA69D2122A0186EA0002441C /* Voices+CoreDataProperties.swift in Sources */ = {isa = PBXBuildFile; fileRef = FA69D2102A0186EA0002441C /* Voices+CoreDataProperties.swift */; };
		FA69D2142A02383B0002441C /* Alert.swift in Sources */ = {isa = PBXBuildFile; fileRef = FA69D2132A02383B0002441C /* Alert.swift */; };
		FA69D2182A023F030002441C /* ListScreenViewModel.swift in Sources */ = {isa = PBXBuildFile; fileRef = FA69D2172A023F030002441C /* ListScreenViewModel.swift */; };
		FA8773432A04FEAC001ED3C9 /* EnumSec.swift in Sources */ = {isa = PBXBuildFile; fileRef = FA8773422A04FEAC001ED3C9 /* EnumSec.swift */; };
		FA87734A2A064831001ED3C9 /* SettingsViewController.swift in Sources */ = {isa = PBXBuildFile; fileRef = FA8773492A064831001ED3C9 /* SettingsViewController.swift */; };
		FAECF7C52A0BF70C0012D906 /* TemeVoiceViewController.swift in Sources */ = {isa = PBXBuildFile; fileRef = FAECF7C42A0BF70C0012D906 /* TemeVoiceViewController.swift */; };
		FAECF7C82A0BFAB30012D906 /* NotificationCell.swift in Sources */ = {isa = PBXBuildFile; fileRef = FAECF7C72A0BFAB30012D906 /* NotificationCell.swift */; };
		FAECF7CF2A0BFEFF0012D906 /* SettingsViewModel.swift in Sources */ = {isa = PBXBuildFile; fileRef = FAECF7CE2A0BFEFF0012D906 /* SettingsViewModel.swift */; };
/* End PBXBuildFile section */

/* Begin PBXFileReference section */
		FA42137C2A0BE30600C07DB8 /* ModelCells.swift */ = {isa = PBXFileReference; lastKnownFileType = sourcecode.swift; path = ModelCells.swift; sourceTree = "<group>"; };
		FA42137E2A0BE57B00C07DB8 /* SettingCell.swift */ = {isa = PBXFileReference; lastKnownFileType = sourcecode.swift; path = SettingCell.swift; sourceTree = "<group>"; };
		FA69D1AD2A01286D0002441C /* VoiceReminder.app */ = {isa = PBXFileReference; explicitFileType = wrapper.application; includeInIndex = 0; path = VoiceReminder.app; sourceTree = BUILT_PRODUCTS_DIR; };
		FA69D1B02A01286D0002441C /* AppDelegate.swift */ = {isa = PBXFileReference; lastKnownFileType = sourcecode.swift; path = AppDelegate.swift; sourceTree = "<group>"; };
		FA69D1B22A01286D0002441C /* SceneDelegate.swift */ = {isa = PBXFileReference; lastKnownFileType = sourcecode.swift; path = SceneDelegate.swift; sourceTree = "<group>"; };
		FA69D1B72A01286D0002441C /* Base */ = {isa = PBXFileReference; lastKnownFileType = file.storyboard; name = Base; path = Base.lproj/Main.storyboard; sourceTree = "<group>"; };
		FA69D1BA2A01286D0002441C /* VoiceReminder.xcdatamodel */ = {isa = PBXFileReference; lastKnownFileType = wrapper.xcdatamodel; path = VoiceReminder.xcdatamodel; sourceTree = "<group>"; };
		FA69D1BC2A01286E0002441C /* Assets.xcassets */ = {isa = PBXFileReference; lastKnownFileType = folder.assetcatalog; path = Assets.xcassets; sourceTree = "<group>"; };
		FA69D1BF2A01286E0002441C /* Base */ = {isa = PBXFileReference; lastKnownFileType = file.storyboard; name = Base; path = Base.lproj/LaunchScreen.storyboard; sourceTree = "<group>"; };
		FA69D1C12A01286E0002441C /* Info.plist */ = {isa = PBXFileReference; lastKnownFileType = text.plist.xml; path = Info.plist; sourceTree = "<group>"; };
		FA69D1D02A012A6E0002441C /* MainViewController.swift */ = {isa = PBXFileReference; lastKnownFileType = sourcecode.swift; path = MainViewController.swift; sourceTree = "<group>"; };
		FA69D1D22A012BA40002441C /* ManagerCoreData.swift */ = {isa = PBXFileReference; lastKnownFileType = sourcecode.swift; path = ManagerCoreData.swift; sourceTree = "<group>"; };
		FA69D1DB2A012DB30002441C /* MainScreenViewModel.swift */ = {isa = PBXFileReference; lastKnownFileType = sourcecode.swift; path = MainScreenViewModel.swift; sourceTree = "<group>"; };
		FA69D1DD2A01369B0002441C /* ManagerVoice.swift */ = {isa = PBXFileReference; lastKnownFileType = sourcecode.swift; path = ManagerVoice.swift; sourceTree = "<group>"; };
		FA69D20B2A016E510002441C /* ConfigureViews.swift */ = {isa = PBXFileReference; lastKnownFileType = sourcecode.swift; path = ConfigureViews.swift; sourceTree = "<group>"; };
		FA69D20D2A0175520002441C /* ListVoiceViewController.swift */ = {isa = PBXFileReference; lastKnownFileType = sourcecode.swift; path = ListVoiceViewController.swift; sourceTree = "<group>"; };
		FA69D2102A0186EA0002441C /* Voices+CoreDataProperties.swift */ = {isa = PBXFileReference; lastKnownFileType = sourcecode.swift; path = "Voices+CoreDataProperties.swift"; sourceTree = "<group>"; };
		FA69D2132A02383B0002441C /* Alert.swift */ = {isa = PBXFileReference; lastKnownFileType = sourcecode.swift; path = Alert.swift; sourceTree = "<group>"; };
		FA69D2172A023F030002441C /* ListScreenViewModel.swift */ = {isa = PBXFileReference; lastKnownFileType = sourcecode.swift; path = ListScreenViewModel.swift; sourceTree = "<group>"; };
		FA8773422A04FEAC001ED3C9 /* EnumSec.swift */ = {isa = PBXFileReference; lastKnownFileType = sourcecode.swift; path = EnumSec.swift; sourceTree = "<group>"; };
		FA8773492A064831001ED3C9 /* SettingsViewController.swift */ = {isa = PBXFileReference; lastKnownFileType = sourcecode.swift; path = SettingsViewController.swift; sourceTree = "<group>"; };
		FAECF7C42A0BF70C0012D906 /* TemeVoiceViewController.swift */ = {isa = PBXFileReference; lastKnownFileType = sourcecode.swift; path = TemeVoiceViewController.swift; sourceTree = "<group>"; };
		FAECF7C72A0BFAB30012D906 /* NotificationCell.swift */ = {isa = PBXFileReference; lastKnownFileType = sourcecode.swift; path = NotificationCell.swift; sourceTree = "<group>"; };
		FAECF7CE2A0BFEFF0012D906 /* SettingsViewModel.swift */ = {isa = PBXFileReference; lastKnownFileType = sourcecode.swift; path = SettingsViewModel.swift; sourceTree = "<group>"; };
/* End PBXFileReference section */

/* Begin PBXFrameworksBuildPhase section */
		FA69D1AA2A01286D0002441C /* Frameworks */ = {
			isa = PBXFrameworksBuildPhase;
			buildActionMask = 2147483647;
			files = (
			);
			runOnlyForDeploymentPostprocessing = 0;
		};
/* End PBXFrameworksBuildPhase section */

/* Begin PBXGroup section */
		FA42137B2A0BE2F100C07DB8 /* ViewModel */ = {
			isa = PBXGroup;
			children = (
				FA42137C2A0BE30600C07DB8 /* ModelCells.swift */,
				FAECF7CE2A0BFEFF0012D906 /* SettingsViewModel.swift */,
			);
			path = ViewModel;
			sourceTree = "<group>";
		};
		FA69D1A42A01286D0002441C = {
			isa = PBXGroup;
			children = (
				FA69D1AF2A01286D0002441C /* VoiceReminder */,
				FA69D1AE2A01286D0002441C /* Products */,
			);
			sourceTree = "<group>";
		};
		FA69D1AE2A01286D0002441C /* Products */ = {
			isa = PBXGroup;
			children = (
				FA69D1AD2A01286D0002441C /* VoiceReminder.app */,
			);
			name = Products;
			sourceTree = "<group>";
		};
		FA69D1AF2A01286D0002441C /* VoiceReminder */ = {
			isa = PBXGroup;
			children = (
				FA69D1CA2A0129FF0002441C /* Managers */,
				FA69D20A2A016E3C0002441C /* ConfigureViews */,
				FA69D1C82A0129DF0002441C /* Resourse */,
				FA69D1C72A0129D10002441C /* App */,
				FA69D1C92A0129F70002441C /* Moduls */,
			);
			path = VoiceReminder;
			sourceTree = "<group>";
		};
		FA69D1C72A0129D10002441C /* App */ = {
			isa = PBXGroup;
			children = (
				FA69D1B22A01286D0002441C /* SceneDelegate.swift */,
				FA69D1B02A01286D0002441C /* AppDelegate.swift */,
			);
			path = App;
			sourceTree = "<group>";
		};
		FA69D1C82A0129DF0002441C /* Resourse */ = {
			isa = PBXGroup;
			children = (
				FA69D1BE2A01286E0002441C /* LaunchScreen.storyboard */,
				FA69D1BC2A01286E0002441C /* Assets.xcassets */,
				FA69D1C12A01286E0002441C /* Info.plist */,
				FA69D1B62A01286D0002441C /* Main.storyboard */,
				FA69D1B92A01286D0002441C /* VoiceReminder.xcdatamodeld */,
			);
			path = Resourse;
			sourceTree = "<group>";
		};
		FA69D1C92A0129F70002441C /* Moduls */ = {
			isa = PBXGroup;
			children = (
				FAECF7C32A0BF6E80012D906 /* TimeVoiceScreen */,
				FA8773462A064807001ED3C9 /* SettingsScreen */,
				FA69D1D42A012CF20002441C /* Voices */,
			);
			path = Moduls;
			sourceTree = "<group>";
		};
		FA69D1CA2A0129FF0002441C /* Managers */ = {
			isa = PBXGroup;
			children = (
				FA8773422A04FEAC001ED3C9 /* EnumSec.swift */,
				FA69D1D22A012BA40002441C /* ManagerCoreData.swift */,
				FA69D1DD2A01369B0002441C /* ManagerVoice.swift */,
				FA69D2132A02383B0002441C /* Alert.swift */,
			);
			path = Managers;
			sourceTree = "<group>";
		};
		FA69D1CB2A012A090002441C /* MainScreen */ = {
			isa = PBXGroup;
			children = (
				FA69D1CE2A012A200002441C /* Model */,
				FA69D1CD2A012A180002441C /* ViewModel */,
				FA69D1CC2A012A130002441C /* View */,
			);
			path = MainScreen;
			sourceTree = "<group>";
		};
		FA69D1CC2A012A130002441C /* View */ = {
			isa = PBXGroup;
			children = (
				FA69D1D02A012A6E0002441C /* MainViewController.swift */,
			);
			path = View;
			sourceTree = "<group>";
		};
		FA69D1CD2A012A180002441C /* ViewModel */ = {
			isa = PBXGroup;
			children = (
				FA69D1DB2A012DB30002441C /* MainScreenViewModel.swift */,
			);
			path = ViewModel;
			sourceTree = "<group>";
		};
		FA69D1CE2A012A200002441C /* Model */ = {
			isa = PBXGroup;
			children = (
				FA69D2102A0186EA0002441C /* Voices+CoreDataProperties.swift */,
			);
			path = Model;
			sourceTree = "<group>";
		};
		FA69D1CF2A012A270002441C /* ListVoiceScreen */ = {
			isa = PBXGroup;
			children = (
				FA69D1D62A012D120002441C /* ViewModel */,
				FA69D1D52A012D0B0002441C /* View */,
			);
			path = ListVoiceScreen;
			sourceTree = "<group>";
		};
		FA69D1D42A012CF20002441C /* Voices */ = {
			isa = PBXGroup;
			children = (
				FA69D1CB2A012A090002441C /* MainScreen */,
				FA69D1CF2A012A270002441C /* ListVoiceScreen */,
			);
			path = Voices;
			sourceTree = "<group>";
		};
		FA69D1D52A012D0B0002441C /* View */ = {
			isa = PBXGroup;
			children = (
				FA69D20D2A0175520002441C /* ListVoiceViewController.swift */,
			);
			path = View;
			sourceTree = "<group>";
		};
		FA69D1D62A012D120002441C /* ViewModel */ = {
			isa = PBXGroup;
			children = (
				FA69D2172A023F030002441C /* ListScreenViewModel.swift */,
			);
			path = ViewModel;
			sourceTree = "<group>";
		};
		FA69D20A2A016E3C0002441C /* ConfigureViews */ = {
			isa = PBXGroup;
			children = (
				FA69D20B2A016E510002441C /* ConfigureViews.swift */,
			);
			path = ConfigureViews;
			sourceTree = "<group>";
		};
		FA8773462A064807001ED3C9 /* SettingsScreen */ = {
			isa = PBXGroup;
			children = (
				FA42137B2A0BE2F100C07DB8 /* ViewModel */,
				FA8773472A064812001ED3C9 /* View */,
				FAECF7CA2A0BFE820012D906 /* TimeVoiceCell */,
				FAECF7D02A0C019E0012D906 /* NotificationCell */,
			);
			path = SettingsScreen;
			sourceTree = "<group>";
		};
		FA8773472A064812001ED3C9 /* View */ = {
			isa = PBXGroup;
			children = (
				FA8773492A064831001ED3C9 /* SettingsViewController.swift */,
			);
			path = View;
			sourceTree = "<group>";
		};
		FAECF7C32A0BF6E80012D906 /* TimeVoiceScreen */ = {
			isa = PBXGroup;
			children = (
				FAECF7C42A0BF70C0012D906 /* TemeVoiceViewController.swift */,
			);
			path = TimeVoiceScreen;
			sourceTree = "<group>";
		};
		FAECF7CA2A0BFE820012D906 /* TimeVoiceCell */ = {
			isa = PBXGroup;
			children = (
				FA42137E2A0BE57B00C07DB8 /* SettingCell.swift */,
			);
			path = TimeVoiceCell;
			sourceTree = "<group>";
		};
		FAECF7D02A0C019E0012D906 /* NotificationCell */ = {
			isa = PBXGroup;
			children = (
				FAECF7C72A0BFAB30012D906 /* NotificationCell.swift */,
			);
			path = NotificationCell;
			sourceTree = "<group>";
		};
/* End PBXGroup section */

/* Begin PBXNativeTarget section */
		FA69D1AC2A01286D0002441C /* VoiceReminder */ = {
			isa = PBXNativeTarget;
			buildConfigurationList = FA69D1C42A01286E0002441C /* Build configuration list for PBXNativeTarget "VoiceReminder" */;
			buildPhases = (
				FA69D1A92A01286D0002441C /* Sources */,
				FA69D1AA2A01286D0002441C /* Frameworks */,
				FA69D1AB2A01286D0002441C /* Resources */,
			);
			buildRules = (
			);
			dependencies = (
			);
			name = VoiceReminder;
			productName = VoiceReminder;
			productReference = FA69D1AD2A01286D0002441C /* VoiceReminder.app */;
			productType = "com.apple.product-type.application";
		};
/* End PBXNativeTarget section */

/* Begin PBXProject section */
		FA69D1A52A01286D0002441C /* Project object */ = {
			isa = PBXProject;
			attributes = {
				BuildIndependentTargetsInParallel = 1;
				LastSwiftUpdateCheck = 1430;
				LastUpgradeCheck = 1430;
				TargetAttributes = {
					FA69D1AC2A01286D0002441C = {
						CreatedOnToolsVersion = 14.3;
					};
				};
			};
			buildConfigurationList = FA69D1A82A01286D0002441C /* Build configuration list for PBXProject "VoiceReminder" */;
			compatibilityVersion = "Xcode 14.0";
			developmentRegion = en;
			hasScannedForEncodings = 0;
			knownRegions = (
				en,
				Base,
			);
			mainGroup = FA69D1A42A01286D0002441C;
			productRefGroup = FA69D1AE2A01286D0002441C /* Products */;
			projectDirPath = "";
			projectRoot = "";
			targets = (
				FA69D1AC2A01286D0002441C /* VoiceReminder */,
			);
		};
/* End PBXProject section */

/* Begin PBXResourcesBuildPhase section */
		FA69D1AB2A01286D0002441C /* Resources */ = {
			isa = PBXResourcesBuildPhase;
			buildActionMask = 2147483647;
			files = (
				FA69D1C02A01286E0002441C /* LaunchScreen.storyboard in Resources */,
				FA69D1BD2A01286E0002441C /* Assets.xcassets in Resources */,
				FA69D1B82A01286D0002441C /* Main.storyboard in Resources */,
			);
			runOnlyForDeploymentPostprocessing = 0;
		};
/* End PBXResourcesBuildPhase section */

/* Begin PBXSourcesBuildPhase section */
		FA69D1A92A01286D0002441C /* Sources */ = {
			isa = PBXSourcesBuildPhase;
			buildActionMask = 2147483647;
			files = (
				FA69D1B12A01286D0002441C /* AppDelegate.swift in Sources */,
				FA69D1DC2A012DB30002441C /* MainScreenViewModel.swift in Sources */,
				FA69D1D32A012BA40002441C /* ManagerCoreData.swift in Sources */,
				FA8773432A04FEAC001ED3C9 /* EnumSec.swift in Sources */,
				FA42137D2A0BE30600C07DB8 /* ModelCells.swift in Sources */,
				FAECF7CF2A0BFEFF0012D906 /* SettingsViewModel.swift in Sources */,
				FA69D1BB2A01286D0002441C /* VoiceReminder.xcdatamodeld in Sources */,
				FA69D20C2A016E510002441C /* ConfigureViews.swift in Sources */,
				FA69D1B32A01286D0002441C /* SceneDelegate.swift in Sources */,
				FA69D1DE2A01369B0002441C /* ManagerVoice.swift in Sources */,
				FA69D1D12A012A6E0002441C /* MainViewController.swift in Sources */,
				FAECF7C82A0BFAB30012D906 /* NotificationCell.swift in Sources */,
				FA42137F2A0BE57B00C07DB8 /* SettingCell.swift in Sources */,
				FA87734A2A064831001ED3C9 /* SettingsViewController.swift in Sources */,
				FA69D2182A023F030002441C /* ListScreenViewModel.swift in Sources */,
				FA69D2142A02383B0002441C /* Alert.swift in Sources */,
				FA69D2122A0186EA0002441C /* Voices+CoreDataProperties.swift in Sources */,
				FAECF7C52A0BF70C0012D906 /* TemeVoiceViewController.swift in Sources */,
				FA69D20E2A0175520002441C /* ListVoiceViewController.swift in Sources */,
			);
			runOnlyForDeploymentPostprocessing = 0;
		};
/* End PBXSourcesBuildPhase section */

/* Begin PBXVariantGroup section */
		FA69D1B62A01286D0002441C /* Main.storyboard */ = {
			isa = PBXVariantGroup;
			children = (
				FA69D1B72A01286D0002441C /* Base */,
			);
			name = Main.storyboard;
			sourceTree = "<group>";
		};
		FA69D1BE2A01286E0002441C /* LaunchScreen.storyboard */ = {
			isa = PBXVariantGroup;
			children = (
				FA69D1BF2A01286E0002441C /* Base */,
			);
			name = LaunchScreen.storyboard;
			sourceTree = "<group>";
		};
/* End PBXVariantGroup section */

/* Begin XCBuildConfiguration section */
		FA69D1C22A01286E0002441C /* Debug */ = {
			isa = XCBuildConfiguration;
			buildSettings = {
				ALWAYS_SEARCH_USER_PATHS = NO;
				CLANG_ANALYZER_NONNULL = YES;
				CLANG_ANALYZER_NUMBER_OBJECT_CONVERSION = YES_AGGRESSIVE;
				CLANG_CXX_LANGUAGE_STANDARD = "gnu++20";
				CLANG_ENABLE_MODULES = YES;
				CLANG_ENABLE_OBJC_ARC = YES;
				CLANG_ENABLE_OBJC_WEAK = YES;
				CLANG_WARN_BLOCK_CAPTURE_AUTORELEASING = YES;
				CLANG_WARN_BOOL_CONVERSION = YES;
				CLANG_WARN_COMMA = YES;
				CLANG_WARN_CONSTANT_CONVERSION = YES;
				CLANG_WARN_DEPRECATED_OBJC_IMPLEMENTATIONS = YES;
				CLANG_WARN_DIRECT_OBJC_ISA_USAGE = YES_ERROR;
				CLANG_WARN_DOCUMENTATION_COMMENTS = YES;
				CLANG_WARN_EMPTY_BODY = YES;
				CLANG_WARN_ENUM_CONVERSION = YES;
				CLANG_WARN_INFINITE_RECURSION = YES;
				CLANG_WARN_INT_CONVERSION = YES;
				CLANG_WARN_NON_LITERAL_NULL_CONVERSION = YES;
				CLANG_WARN_OBJC_IMPLICIT_RETAIN_SELF = YES;
				CLANG_WARN_OBJC_LITERAL_CONVERSION = YES;
				CLANG_WARN_OBJC_ROOT_CLASS = YES_ERROR;
				CLANG_WARN_QUOTED_INCLUDE_IN_FRAMEWORK_HEADER = YES;
				CLANG_WARN_RANGE_LOOP_ANALYSIS = YES;
				CLANG_WARN_STRICT_PROTOTYPES = YES;
				CLANG_WARN_SUSPICIOUS_MOVE = YES;
				CLANG_WARN_UNGUARDED_AVAILABILITY = YES_AGGRESSIVE;
				CLANG_WARN_UNREACHABLE_CODE = YES;
				CLANG_WARN__DUPLICATE_METHOD_MATCH = YES;
				COPY_PHASE_STRIP = NO;
				DEBUG_INFORMATION_FORMAT = dwarf;
				ENABLE_STRICT_OBJC_MSGSEND = YES;
				ENABLE_TESTABILITY = YES;
				GCC_C_LANGUAGE_STANDARD = gnu11;
				GCC_DYNAMIC_NO_PIC = NO;
				GCC_NO_COMMON_BLOCKS = YES;
				GCC_OPTIMIZATION_LEVEL = 0;
				GCC_PREPROCESSOR_DEFINITIONS = (
					"DEBUG=1",
					"$(inherited)",
				);
				GCC_WARN_64_TO_32_BIT_CONVERSION = YES;
				GCC_WARN_ABOUT_RETURN_TYPE = YES_ERROR;
				GCC_WARN_UNDECLARED_SELECTOR = YES;
				GCC_WARN_UNINITIALIZED_AUTOS = YES_AGGRESSIVE;
				GCC_WARN_UNUSED_FUNCTION = YES;
				GCC_WARN_UNUSED_VARIABLE = YES;
				IPHONEOS_DEPLOYMENT_TARGET = 16.4;
				MTL_ENABLE_DEBUG_INFO = INCLUDE_SOURCE;
				MTL_FAST_MATH = YES;
				ONLY_ACTIVE_ARCH = YES;
				SDKROOT = iphoneos;
				SWIFT_ACTIVE_COMPILATION_CONDITIONS = DEBUG;
				SWIFT_OPTIMIZATION_LEVEL = "-Onone";
			};
			name = Debug;
		};
		FA69D1C32A01286E0002441C /* Release */ = {
			isa = XCBuildConfiguration;
			buildSettings = {
				ALWAYS_SEARCH_USER_PATHS = NO;
				CLANG_ANALYZER_NONNULL = YES;
				CLANG_ANALYZER_NUMBER_OBJECT_CONVERSION = YES_AGGRESSIVE;
				CLANG_CXX_LANGUAGE_STANDARD = "gnu++20";
				CLANG_ENABLE_MODULES = YES;
				CLANG_ENABLE_OBJC_ARC = YES;
				CLANG_ENABLE_OBJC_WEAK = YES;
				CLANG_WARN_BLOCK_CAPTURE_AUTORELEASING = YES;
				CLANG_WARN_BOOL_CONVERSION = YES;
				CLANG_WARN_COMMA = YES;
				CLANG_WARN_CONSTANT_CONVERSION = YES;
				CLANG_WARN_DEPRECATED_OBJC_IMPLEMENTATIONS = YES;
				CLANG_WARN_DIRECT_OBJC_ISA_USAGE = YES_ERROR;
				CLANG_WARN_DOCUMENTATION_COMMENTS = YES;
				CLANG_WARN_EMPTY_BODY = YES;
				CLANG_WARN_ENUM_CONVERSION = YES;
				CLANG_WARN_INFINITE_RECURSION = YES;
				CLANG_WARN_INT_CONVERSION = YES;
				CLANG_WARN_NON_LITERAL_NULL_CONVERSION = YES;
				CLANG_WARN_OBJC_IMPLICIT_RETAIN_SELF = YES;
				CLANG_WARN_OBJC_LITERAL_CONVERSION = YES;
				CLANG_WARN_OBJC_ROOT_CLASS = YES_ERROR;
				CLANG_WARN_QUOTED_INCLUDE_IN_FRAMEWORK_HEADER = YES;
				CLANG_WARN_RANGE_LOOP_ANALYSIS = YES;
				CLANG_WARN_STRICT_PROTOTYPES = YES;
				CLANG_WARN_SUSPICIOUS_MOVE = YES;
				CLANG_WARN_UNGUARDED_AVAILABILITY = YES_AGGRESSIVE;
				CLANG_WARN_UNREACHABLE_CODE = YES;
				CLANG_WARN__DUPLICATE_METHOD_MATCH = YES;
				COPY_PHASE_STRIP = NO;
				DEBUG_INFORMATION_FORMAT = "dwarf-with-dsym";
				ENABLE_NS_ASSERTIONS = NO;
				ENABLE_STRICT_OBJC_MSGSEND = YES;
				GCC_C_LANGUAGE_STANDARD = gnu11;
				GCC_NO_COMMON_BLOCKS = YES;
				GCC_WARN_64_TO_32_BIT_CONVERSION = YES;
				GCC_WARN_ABOUT_RETURN_TYPE = YES_ERROR;
				GCC_WARN_UNDECLARED_SELECTOR = YES;
				GCC_WARN_UNINITIALIZED_AUTOS = YES_AGGRESSIVE;
				GCC_WARN_UNUSED_FUNCTION = YES;
				GCC_WARN_UNUSED_VARIABLE = YES;
				IPHONEOS_DEPLOYMENT_TARGET = 16.4;
				MTL_ENABLE_DEBUG_INFO = NO;
				MTL_FAST_MATH = YES;
				SDKROOT = iphoneos;
				SWIFT_COMPILATION_MODE = wholemodule;
				SWIFT_OPTIMIZATION_LEVEL = "-O";
				VALIDATE_PRODUCT = YES;
			};
			name = Release;
		};
		FA69D1C52A01286E0002441C /* Debug */ = {
			isa = XCBuildConfiguration;
			buildSettings = {
				ASSETCATALOG_COMPILER_APPICON_NAME = AppIcon;
				ASSETCATALOG_COMPILER_GLOBAL_ACCENT_COLOR_NAME = AccentColor;
				CODE_SIGN_STYLE = Automatic;
				CURRENT_PROJECT_VERSION = 1;
				DEVELOPMENT_TEAM = U3T8H6J3Z8;
				GENERATE_INFOPLIST_FILE = YES;
				INFOPLIST_FILE = VoiceReminder/Resourse/Info.plist;
				INFOPLIST_KEY_UIApplicationSupportsIndirectInputEvents = YES;
				INFOPLIST_KEY_UILaunchStoryboardName = LaunchScreen;
				INFOPLIST_KEY_UIMainStoryboardFile = Main;
				INFOPLIST_KEY_UISupportedInterfaceOrientations_iPad = "UIInterfaceOrientationPortrait UIInterfaceOrientationPortraitUpsideDown UIInterfaceOrientationLandscapeLeft UIInterfaceOrientationLandscapeRight";
				INFOPLIST_KEY_UISupportedInterfaceOrientations_iPhone = "UIInterfaceOrientationPortrait UIInterfaceOrientationLandscapeLeft UIInterfaceOrientationLandscapeRight";
				LD_RUNPATH_SEARCH_PATHS = (
					"$(inherited)",
					"@executable_path/Frameworks",
				);
				MARKETING_VERSION = 1.0;
				PRODUCT_BUNDLE_IDENTIFIER = "danil112011-mail.ru.VoiceReminder";
				PRODUCT_NAME = "$(TARGET_NAME)";
				SWIFT_EMIT_LOC_STRINGS = YES;
				SWIFT_VERSION = 5.0;
				TARGETED_DEVICE_FAMILY = "1,2";
			};
			name = Debug;
		};
		FA69D1C62A01286E0002441C /* Release */ = {
			isa = XCBuildConfiguration;
			buildSettings = {
				ASSETCATALOG_COMPILER_APPICON_NAME = AppIcon;
				ASSETCATALOG_COMPILER_GLOBAL_ACCENT_COLOR_NAME = AccentColor;
				CODE_SIGN_STYLE = Automatic;
				CURRENT_PROJECT_VERSION = 1;
				DEVELOPMENT_TEAM = U3T8H6J3Z8;
				GENERATE_INFOPLIST_FILE = YES;
				INFOPLIST_FILE = VoiceReminder/Resourse/Info.plist;
				INFOPLIST_KEY_UIApplicationSupportsIndirectInputEvents = YES;
				INFOPLIST_KEY_UILaunchStoryboardName = LaunchScreen;
				INFOPLIST_KEY_UIMainStoryboardFile = Main;
				INFOPLIST_KEY_UISupportedInterfaceOrientations_iPad = "UIInterfaceOrientationPortrait UIInterfaceOrientationPortraitUpsideDown UIInterfaceOrientationLandscapeLeft UIInterfaceOrientationLandscapeRight";
				INFOPLIST_KEY_UISupportedInterfaceOrientations_iPhone = "UIInterfaceOrientationPortrait UIInterfaceOrientationLandscapeLeft UIInterfaceOrientationLandscapeRight";
				LD_RUNPATH_SEARCH_PATHS = (
					"$(inherited)",
					"@executable_path/Frameworks",
				);
				MARKETING_VERSION = 1.0;
				PRODUCT_BUNDLE_IDENTIFIER = "danil112011-mail.ru.VoiceReminder";
				PRODUCT_NAME = "$(TARGET_NAME)";
				SWIFT_EMIT_LOC_STRINGS = YES;
				SWIFT_VERSION = 5.0;
				TARGETED_DEVICE_FAMILY = "1,2";
			};
			name = Release;
		};
/* End XCBuildConfiguration section */

/* Begin XCConfigurationList section */
		FA69D1A82A01286D0002441C /* Build configuration list for PBXProject "VoiceReminder" */ = {
			isa = XCConfigurationList;
			buildConfigurations = (
				FA69D1C22A01286E0002441C /* Debug */,
				FA69D1C32A01286E0002441C /* Release */,
			);
			defaultConfigurationIsVisible = 0;
			defaultConfigurationName = Release;
		};
		FA69D1C42A01286E0002441C /* Build configuration list for PBXNativeTarget "VoiceReminder" */ = {
			isa = XCConfigurationList;
			buildConfigurations = (
				FA69D1C52A01286E0002441C /* Debug */,
				FA69D1C62A01286E0002441C /* Release */,
			);
			defaultConfigurationIsVisible = 0;
			defaultConfigurationName = Release;
		};
/* End XCConfigurationList section */

/* Begin XCVersionGroup section */
		FA69D1B92A01286D0002441C /* VoiceReminder.xcdatamodeld */ = {
			isa = XCVersionGroup;
			children = (
				FA69D1BA2A01286D0002441C /* VoiceReminder.xcdatamodel */,
			);
			currentVersion = FA69D1BA2A01286D0002441C /* VoiceReminder.xcdatamodel */;
			path = VoiceReminder.xcdatamodeld;
			sourceTree = "<group>";
			versionGroupType = wrapper.xcdatamodel;
		};
/* End XCVersionGroup section */
	};
	rootObject = FA69D1A52A01286D0002441C /* Project object */;
}
