// !$*UTF8*$!
{
	archiveVersion = 1;
	classes = {
	};
	objectVersion = 56;
	objects = {

/* Begin PBXBuildFile section */
		FA4A51EA29969699003F0535 /* CreatorView.swift in Sources */ = {isa = PBXBuildFile; fileRef = FA4A51E929969699003F0535 /* CreatorView.swift */; };
		FA4A51EC2996999B003F0535 /* MainLayuot.swift in Sources */ = {isa = PBXBuildFile; fileRef = FA4A51EB2996999B003F0535 /* MainLayuot.swift */; };
		FA4A51F02996A25D003F0535 /* VoiceRecordManager.swift in Sources */ = {isa = PBXBuildFile; fileRef = FA4A51EF2996A25D003F0535 /* VoiceRecordManager.swift */; };
		FA4A51F32996A93E003F0535 /* CoreDataManager.swift in Sources */ = {isa = PBXBuildFile; fileRef = FA4A51F22996A93E003F0535 /* CoreDataManager.swift */; };
		FA4A51F52997B1AE003F0535 /* ListVoiceViewController.swift in Sources */ = {isa = PBXBuildFile; fileRef = FA4A51F42997B1AE003F0535 /* ListVoiceViewController.swift */; };
		FA4A51FB2998D877003F0535 /* EventsViewController.swift in Sources */ = {isa = PBXBuildFile; fileRef = FA4A51FA2998D877003F0535 /* EventsViewController.swift */; };
		FA4A51FD2998DBB8003F0535 /* ExtensionsEventLayuot.swift in Sources */ = {isa = PBXBuildFile; fileRef = FA4A51FC2998DBB8003F0535 /* ExtensionsEventLayuot.swift */; };
		FA4A51FF2998E2DB003F0535 /* EventsViewModel.swift in Sources */ = {isa = PBXBuildFile; fileRef = FA4A51FE2998E2DB003F0535 /* EventsViewModel.swift */; };
		FA4A52032998E7D0003F0535 /* EventEN+CoreDataClass.swift in Sources */ = {isa = PBXBuildFile; fileRef = FA4A52012998E7D0003F0535 /* EventEN+CoreDataClass.swift */; };
		FA4A52042998E7D0003F0535 /* EventEN+CoreDataProperties.swift in Sources */ = {isa = PBXBuildFile; fileRef = FA4A52022998E7D0003F0535 /* EventEN+CoreDataProperties.swift */; };
		FA4A52072998EF68003F0535 /* ExtionsionPhotoLibrary.swift in Sources */ = {isa = PBXBuildFile; fileRef = FA4A52062998EF68003F0535 /* ExtionsionPhotoLibrary.swift */; };
		FA7E95EF29968C6100DE4A9C /* AppDelegate.swift in Sources */ = {isa = PBXBuildFile; fileRef = FA7E95EE29968C6100DE4A9C /* AppDelegate.swift */; };
		FA7E95F129968C6100DE4A9C /* SceneDelegate.swift in Sources */ = {isa = PBXBuildFile; fileRef = FA7E95F029968C6100DE4A9C /* SceneDelegate.swift */; };
		FA7E95F629968C6100DE4A9C /* Main.storyboard in Resources */ = {isa = PBXBuildFile; fileRef = FA7E95F429968C6100DE4A9C /* Main.storyboard */; };
		FA7E95F929968C6100DE4A9C /* VoiceReminder.xcdatamodeld in Sources */ = {isa = PBXBuildFile; fileRef = FA7E95F729968C6100DE4A9C /* VoiceReminder.xcdatamodeld */; };
		FA7E95FB29968C6100DE4A9C /* Assets.xcassets in Resources */ = {isa = PBXBuildFile; fileRef = FA7E95FA29968C6100DE4A9C /* Assets.xcassets */; };
		FA7E95FE29968C6100DE4A9C /* LaunchScreen.storyboard in Resources */ = {isa = PBXBuildFile; fileRef = FA7E95FC29968C6100DE4A9C /* LaunchScreen.storyboard */; };
		FA7E960F29968F8400DE4A9C /* MainViewController.swift in Sources */ = {isa = PBXBuildFile; fileRef = FA7E960E29968F8400DE4A9C /* MainViewController.swift */; };
		FA7E9635299693B500DE4A9C /* Voice+CoreDataClass.swift in Sources */ = {isa = PBXBuildFile; fileRef = FA7E9633299693B500DE4A9C /* Voice+CoreDataClass.swift */; };
		FA7E9636299693B500DE4A9C /* Voice+CoreDataProperties.swift in Sources */ = {isa = PBXBuildFile; fileRef = FA7E9634299693B500DE4A9C /* Voice+CoreDataProperties.swift */; };
		FA7E963D2996943D00DE4A9C /* MainViewModel.swift in Sources */ = {isa = PBXBuildFile; fileRef = FA7E963C2996943D00DE4A9C /* MainViewModel.swift */; };
/* End PBXBuildFile section */

/* Begin PBXFileReference section */
		FA4A51E929969699003F0535 /* CreatorView.swift */ = {isa = PBXFileReference; lastKnownFileType = sourcecode.swift; path = CreatorView.swift; sourceTree = "<group>"; };
		FA4A51EB2996999B003F0535 /* MainLayuot.swift */ = {isa = PBXFileReference; lastKnownFileType = sourcecode.swift; path = MainLayuot.swift; sourceTree = "<group>"; };
		FA4A51EF2996A25D003F0535 /* VoiceRecordManager.swift */ = {isa = PBXFileReference; lastKnownFileType = sourcecode.swift; path = VoiceRecordManager.swift; sourceTree = "<group>"; };
		FA4A51F22996A93E003F0535 /* CoreDataManager.swift */ = {isa = PBXFileReference; lastKnownFileType = sourcecode.swift; path = CoreDataManager.swift; sourceTree = "<group>"; };
		FA4A51F42997B1AE003F0535 /* ListVoiceViewController.swift */ = {isa = PBXFileReference; lastKnownFileType = sourcecode.swift; path = ListVoiceViewController.swift; sourceTree = "<group>"; };
		FA4A51FA2998D877003F0535 /* EventsViewController.swift */ = {isa = PBXFileReference; lastKnownFileType = sourcecode.swift; path = EventsViewController.swift; sourceTree = "<group>"; };
		FA4A51FC2998DBB8003F0535 /* ExtensionsEventLayuot.swift */ = {isa = PBXFileReference; lastKnownFileType = sourcecode.swift; path = ExtensionsEventLayuot.swift; sourceTree = "<group>"; };
		FA4A51FE2998E2DB003F0535 /* EventsViewModel.swift */ = {isa = PBXFileReference; lastKnownFileType = sourcecode.swift; path = EventsViewModel.swift; sourceTree = "<group>"; };
		FA4A52012998E7D0003F0535 /* EventEN+CoreDataClass.swift */ = {isa = PBXFileReference; lastKnownFileType = sourcecode.swift; path = "EventEN+CoreDataClass.swift"; sourceTree = "<group>"; };
		FA4A52022998E7D0003F0535 /* EventEN+CoreDataProperties.swift */ = {isa = PBXFileReference; lastKnownFileType = sourcecode.swift; path = "EventEN+CoreDataProperties.swift"; sourceTree = "<group>"; };
		FA4A52062998EF68003F0535 /* ExtionsionPhotoLibrary.swift */ = {isa = PBXFileReference; lastKnownFileType = sourcecode.swift; path = ExtionsionPhotoLibrary.swift; sourceTree = "<group>"; };
		FA7E95EB29968C6100DE4A9C /* VoiceReminder.app */ = {isa = PBXFileReference; explicitFileType = wrapper.application; includeInIndex = 0; path = VoiceReminder.app; sourceTree = BUILT_PRODUCTS_DIR; };
		FA7E95EE29968C6100DE4A9C /* AppDelegate.swift */ = {isa = PBXFileReference; lastKnownFileType = sourcecode.swift; path = AppDelegate.swift; sourceTree = "<group>"; };
		FA7E95F029968C6100DE4A9C /* SceneDelegate.swift */ = {isa = PBXFileReference; lastKnownFileType = sourcecode.swift; path = SceneDelegate.swift; sourceTree = "<group>"; };
		FA7E95F529968C6100DE4A9C /* Base */ = {isa = PBXFileReference; lastKnownFileType = file.storyboard; name = Base; path = Base.lproj/Main.storyboard; sourceTree = "<group>"; };
		FA7E95F829968C6100DE4A9C /* VoiceReminder.xcdatamodel */ = {isa = PBXFileReference; lastKnownFileType = wrapper.xcdatamodel; path = VoiceReminder.xcdatamodel; sourceTree = "<group>"; };
		FA7E95FA29968C6100DE4A9C /* Assets.xcassets */ = {isa = PBXFileReference; lastKnownFileType = folder.assetcatalog; path = Assets.xcassets; sourceTree = "<group>"; };
		FA7E95FD29968C6100DE4A9C /* Base */ = {isa = PBXFileReference; lastKnownFileType = file.storyboard; name = Base; path = Base.lproj/LaunchScreen.storyboard; sourceTree = "<group>"; };
		FA7E95FF29968C6100DE4A9C /* Info.plist */ = {isa = PBXFileReference; lastKnownFileType = text.plist.xml; path = Info.plist; sourceTree = "<group>"; };
		FA7E960E29968F8400DE4A9C /* MainViewController.swift */ = {isa = PBXFileReference; lastKnownFileType = sourcecode.swift; path = MainViewController.swift; sourceTree = "<group>"; };
		FA7E9633299693B500DE4A9C /* Voice+CoreDataClass.swift */ = {isa = PBXFileReference; lastKnownFileType = sourcecode.swift; path = "Voice+CoreDataClass.swift"; sourceTree = "<group>"; };
		FA7E9634299693B500DE4A9C /* Voice+CoreDataProperties.swift */ = {isa = PBXFileReference; lastKnownFileType = sourcecode.swift; path = "Voice+CoreDataProperties.swift"; sourceTree = "<group>"; };
		FA7E963C2996943D00DE4A9C /* MainViewModel.swift */ = {isa = PBXFileReference; lastKnownFileType = sourcecode.swift; path = MainViewModel.swift; sourceTree = "<group>"; };
/* End PBXFileReference section */

/* Begin PBXFrameworksBuildPhase section */
		FA7E95E829968C6100DE4A9C /* Frameworks */ = {
			isa = PBXFrameworksBuildPhase;
			buildActionMask = 2147483647;
			files = (
			);
			runOnlyForDeploymentPostprocessing = 0;
		};
/* End PBXFrameworksBuildPhase section */

/* Begin PBXGroup section */
		FA4A51E829969676003F0535 /* Extension + CreatorViews */ = {
			isa = PBXGroup;
			children = (
				FA4A51E929969699003F0535 /* CreatorView.swift */,
			);
			path = "Extension + CreatorViews";
			sourceTree = "<group>";
		};
		FA4A51ED2996A1D0003F0535 /* Managers */ = {
			isa = PBXGroup;
			children = (
				FA4A51F12996A926003F0535 /* CoreDataManager */,
				FA4A51EE2996A1DD003F0535 /* VoiceRecordManager */,
			);
			name = Managers;
			sourceTree = "<group>";
		};
		FA4A51EE2996A1DD003F0535 /* VoiceRecordManager */ = {
			isa = PBXGroup;
			children = (
				FA4A51EF2996A25D003F0535 /* VoiceRecordManager.swift */,
			);
			name = VoiceRecordManager;
			sourceTree = "<group>";
		};
		FA4A51F12996A926003F0535 /* CoreDataManager */ = {
			isa = PBXGroup;
			children = (
				FA4A51F22996A93E003F0535 /* CoreDataManager.swift */,
			);
			name = CoreDataManager;
			sourceTree = "<group>";
		};
		FA4A51F62997F8AD003F0535 /* New Modul */ = {
			isa = PBXGroup;
			children = (
				FA4A51F72998D80C003F0535 /* EventModul */,
			);
			path = "New Modul";
			sourceTree = "<group>";
		};
		FA4A51F72998D80C003F0535 /* EventModul */ = {
			isa = PBXGroup;
			children = (
				FA4A52052998E803003F0535 /* CoreData */,
				FA4A52002998E713003F0535 /* Model */,
				FA4A51F92998D854003F0535 /* ViewModel */,
				FA4A51F82998D84C003F0535 /* View */,
			);
			path = EventModul;
			sourceTree = "<group>";
		};
		FA4A51F82998D84C003F0535 /* View */ = {
			isa = PBXGroup;
			children = (
				FA4A51FA2998D877003F0535 /* EventsViewController.swift */,
				FA4A51FC2998DBB8003F0535 /* ExtensionsEventLayuot.swift */,
				FA4A52062998EF68003F0535 /* ExtionsionPhotoLibrary.swift */,
			);
			path = View;
			sourceTree = "<group>";
		};
		FA4A51F92998D854003F0535 /* ViewModel */ = {
			isa = PBXGroup;
			children = (
				FA4A51FE2998E2DB003F0535 /* EventsViewModel.swift */,
			);
			path = ViewModel;
			sourceTree = "<group>";
		};
		FA4A52002998E713003F0535 /* Model */ = {
			isa = PBXGroup;
			children = (
				FA4A52022998E7D0003F0535 /* EventEN+CoreDataProperties.swift */,
			);
			path = Model;
			sourceTree = "<group>";
		};
		FA4A52052998E803003F0535 /* CoreData */ = {
			isa = PBXGroup;
			children = (
				FA4A52012998E7D0003F0535 /* EventEN+CoreDataClass.swift */,
			);
			path = CoreData;
			sourceTree = "<group>";
		};
		FA7E95E229968C6100DE4A9C = {
			isa = PBXGroup;
			children = (
				FA7E95ED29968C6100DE4A9C /* VoiceReminder */,
				FA7E95EC29968C6100DE4A9C /* Products */,
			);
			sourceTree = "<group>";
		};
		FA7E95EC29968C6100DE4A9C /* Products */ = {
			isa = PBXGroup;
			children = (
				FA7E95EB29968C6100DE4A9C /* VoiceReminder.app */,
			);
			name = Products;
			sourceTree = "<group>";
		};
		FA7E95ED29968C6100DE4A9C /* VoiceReminder */ = {
			isa = PBXGroup;
			children = (
				FA4A51F62997F8AD003F0535 /* New Modul */,
				FA4A51ED2996A1D0003F0535 /* Managers */,
				FA4A51E829969676003F0535 /* Extension + CreatorViews */,
				FA7E960629968E8900DE4A9C /* Resources */,
				FA7E960529968E1D00DE4A9C /* App */,
				FA7E960729968EDB00DE4A9C /* Moduls */,
			);
			path = VoiceReminder;
			sourceTree = "<group>";
		};
		FA7E960529968E1D00DE4A9C /* App */ = {
			isa = PBXGroup;
			children = (
				FA7E95F029968C6100DE4A9C /* SceneDelegate.swift */,
				FA7E95EE29968C6100DE4A9C /* AppDelegate.swift */,
			);
			path = App;
			sourceTree = "<group>";
		};
		FA7E960629968E8900DE4A9C /* Resources */ = {
			isa = PBXGroup;
			children = (
				FA7E95FA29968C6100DE4A9C /* Assets.xcassets */,
				FA7E95F429968C6100DE4A9C /* Main.storyboard */,
				FA7E95FC29968C6100DE4A9C /* LaunchScreen.storyboard */,
				FA7E95FF29968C6100DE4A9C /* Info.plist */,
				FA7E95F729968C6100DE4A9C /* VoiceReminder.xcdatamodeld */,
			);
			path = Resources;
			sourceTree = "<group>";
		};
		FA7E960729968EDB00DE4A9C /* Moduls */ = {
			isa = PBXGroup;
			children = (
				FA7E960A29968F1600DE4A9C /* ListVoiceModul */,
				FA7E960829968EE700DE4A9C /* MainScreenModul */,
			);
			path = Moduls;
			sourceTree = "<group>";
		};
		FA7E960829968EE700DE4A9C /* MainScreenModul */ = {
			isa = PBXGroup;
			children = (
				FA7E960C29968F5F00DE4A9C /* ModelView */,
				FA7E960B29968F4C00DE4A9C /* View */,
			);
			path = MainScreenModul;
			sourceTree = "<group>";
		};
		FA7E960A29968F1600DE4A9C /* ListVoiceModul */ = {
			isa = PBXGroup;
			children = (
				FA7E9639299693FF00DE4A9C /* View */,
				FA7E9638299693F500DE4A9C /* Model */,
				FA7E9637299693D800DE4A9C /* CoreData */,
			);
			path = ListVoiceModul;
			sourceTree = "<group>";
		};
		FA7E960B29968F4C00DE4A9C /* View */ = {
			isa = PBXGroup;
			children = (
				FA7E960E29968F8400DE4A9C /* MainViewController.swift */,
				FA4A51EB2996999B003F0535 /* MainLayuot.swift */,
			);
			path = View;
			sourceTree = "<group>";
		};
		FA7E960C29968F5F00DE4A9C /* ModelView */ = {
			isa = PBXGroup;
			children = (
				FA7E963C2996943D00DE4A9C /* MainViewModel.swift */,
			);
			path = ModelView;
			sourceTree = "<group>";
		};
		FA7E9637299693D800DE4A9C /* CoreData */ = {
			isa = PBXGroup;
			children = (
				FA7E9633299693B500DE4A9C /* Voice+CoreDataClass.swift */,
			);
			path = CoreData;
			sourceTree = "<group>";
		};
		FA7E9638299693F500DE4A9C /* Model */ = {
			isa = PBXGroup;
			children = (
				FA7E9634299693B500DE4A9C /* Voice+CoreDataProperties.swift */,
			);
			path = Model;
			sourceTree = "<group>";
		};
		FA7E9639299693FF00DE4A9C /* View */ = {
			isa = PBXGroup;
			children = (
				FA4A51F42997B1AE003F0535 /* ListVoiceViewController.swift */,
			);
			path = View;
			sourceTree = "<group>";
		};
/* End PBXGroup section */

/* Begin PBXNativeTarget section */
		FA7E95EA29968C6100DE4A9C /* VoiceReminder */ = {
			isa = PBXNativeTarget;
			buildConfigurationList = FA7E960229968C6100DE4A9C /* Build configuration list for PBXNativeTarget "VoiceReminder" */;
			buildPhases = (
				FA7E95E729968C6100DE4A9C /* Sources */,
				FA7E95E829968C6100DE4A9C /* Frameworks */,
				FA7E95E929968C6100DE4A9C /* Resources */,
			);
			buildRules = (
			);
			dependencies = (
			);
			name = VoiceReminder;
			productName = VoiceReminder;
			productReference = FA7E95EB29968C6100DE4A9C /* VoiceReminder.app */;
			productType = "com.apple.product-type.application";
		};
/* End PBXNativeTarget section */

/* Begin PBXProject section */
		FA7E95E329968C6100DE4A9C /* Project object */ = {
			isa = PBXProject;
			attributes = {
				BuildIndependentTargetsInParallel = 1;
				LastSwiftUpdateCheck = 1420;
				LastUpgradeCheck = 1420;
				TargetAttributes = {
					FA7E95EA29968C6100DE4A9C = {
						CreatedOnToolsVersion = 14.2;
					};
				};
			};
			buildConfigurationList = FA7E95E629968C6100DE4A9C /* Build configuration list for PBXProject "VoiceReminder" */;
			compatibilityVersion = "Xcode 14.0";
			developmentRegion = en;
			hasScannedForEncodings = 0;
			knownRegions = (
				en,
				Base,
			);
			mainGroup = FA7E95E229968C6100DE4A9C;
			productRefGroup = FA7E95EC29968C6100DE4A9C /* Products */;
			projectDirPath = "";
			projectRoot = "";
			targets = (
				FA7E95EA29968C6100DE4A9C /* VoiceReminder */,
			);
		};
/* End PBXProject section */

/* Begin PBXResourcesBuildPhase section */
		FA7E95E929968C6100DE4A9C /* Resources */ = {
			isa = PBXResourcesBuildPhase;
			buildActionMask = 2147483647;
			files = (
				FA7E95FE29968C6100DE4A9C /* LaunchScreen.storyboard in Resources */,
				FA7E95FB29968C6100DE4A9C /* Assets.xcassets in Resources */,
				FA7E95F629968C6100DE4A9C /* Main.storyboard in Resources */,
			);
			runOnlyForDeploymentPostprocessing = 0;
		};
/* End PBXResourcesBuildPhase section */

/* Begin PBXSourcesBuildPhase section */
		FA7E95E729968C6100DE4A9C /* Sources */ = {
			isa = PBXSourcesBuildPhase;
			buildActionMask = 2147483647;
			files = (
				FA4A51FD2998DBB8003F0535 /* ExtensionsEventLayuot.swift in Sources */,
				FA4A51FB2998D877003F0535 /* EventsViewController.swift in Sources */,
				FA4A52072998EF68003F0535 /* ExtionsionPhotoLibrary.swift in Sources */,
				FA4A52042998E7D0003F0535 /* EventEN+CoreDataProperties.swift in Sources */,
				FA7E963D2996943D00DE4A9C /* MainViewModel.swift in Sources */,
				FA4A51EC2996999B003F0535 /* MainLayuot.swift in Sources */,
				FA7E95EF29968C6100DE4A9C /* AppDelegate.swift in Sources */,
				FA7E95F929968C6100DE4A9C /* VoiceReminder.xcdatamodeld in Sources */,
				FA7E9636299693B500DE4A9C /* Voice+CoreDataProperties.swift in Sources */,
				FA7E9635299693B500DE4A9C /* Voice+CoreDataClass.swift in Sources */,
				FA7E95F129968C6100DE4A9C /* SceneDelegate.swift in Sources */,
				FA4A51FF2998E2DB003F0535 /* EventsViewModel.swift in Sources */,
				FA7E960F29968F8400DE4A9C /* MainViewController.swift in Sources */,
				FA4A51EA29969699003F0535 /* CreatorView.swift in Sources */,
				FA4A51F52997B1AE003F0535 /* ListVoiceViewController.swift in Sources */,
				FA4A51F02996A25D003F0535 /* VoiceRecordManager.swift in Sources */,
				FA4A51F32996A93E003F0535 /* CoreDataManager.swift in Sources */,
				FA4A52032998E7D0003F0535 /* EventEN+CoreDataClass.swift in Sources */,
			);
			runOnlyForDeploymentPostprocessing = 0;
		};
/* End PBXSourcesBuildPhase section */

/* Begin PBXVariantGroup section */
		FA7E95F429968C6100DE4A9C /* Main.storyboard */ = {
			isa = PBXVariantGroup;
			children = (
				FA7E95F529968C6100DE4A9C /* Base */,
			);
			name = Main.storyboard;
			sourceTree = "<group>";
		};
		FA7E95FC29968C6100DE4A9C /* LaunchScreen.storyboard */ = {
			isa = PBXVariantGroup;
			children = (
				FA7E95FD29968C6100DE4A9C /* Base */,
			);
			name = LaunchScreen.storyboard;
			sourceTree = "<group>";
		};
/* End PBXVariantGroup section */

/* Begin XCBuildConfiguration section */
		FA7E960029968C6100DE4A9C /* Debug */ = {
			isa = XCBuildConfiguration;
			buildSettings = {
				ALWAYS_SEARCH_USER_PATHS = NO;
				CLANG_ANALYZER_NONNULL = YES;
				CLANG_ANALYZER_NUMBER_OBJECT_CONVERSION = YES_AGGRESSIVE;
				CLANG_CXX_LANGUAGE_STANDARD = "gnu++20";
				CLANG_ENABLE_MODULES = YES;
				CLANG_ENABLE_OBJC_ARC = YES;
				CLANG_ENABLE_OBJC_WEAK = YES;
				CLANG_WARN_BLOCK_CAPTURE_AUTORELEASING = YES;
				CLANG_WARN_BOOL_CONVERSION = YES;
				CLANG_WARN_COMMA = YES;
				CLANG_WARN_CONSTANT_CONVERSION = YES;
				CLANG_WARN_DEPRECATED_OBJC_IMPLEMENTATIONS = YES;
				CLANG_WARN_DIRECT_OBJC_ISA_USAGE = YES_ERROR;
				CLANG_WARN_DOCUMENTATION_COMMENTS = YES;
				CLANG_WARN_EMPTY_BODY = YES;
				CLANG_WARN_ENUM_CONVERSION = YES;
				CLANG_WARN_INFINITE_RECURSION = YES;
				CLANG_WARN_INT_CONVERSION = YES;
				CLANG_WARN_NON_LITERAL_NULL_CONVERSION = YES;
				CLANG_WARN_OBJC_IMPLICIT_RETAIN_SELF = YES;
				CLANG_WARN_OBJC_LITERAL_CONVERSION = YES;
				CLANG_WARN_OBJC_ROOT_CLASS = YES_ERROR;
				CLANG_WARN_QUOTED_INCLUDE_IN_FRAMEWORK_HEADER = YES;
				CLANG_WARN_RANGE_LOOP_ANALYSIS = YES;
				CLANG_WARN_STRICT_PROTOTYPES = YES;
				CLANG_WARN_SUSPICIOUS_MOVE = YES;
				CLANG_WARN_UNGUARDED_AVAILABILITY = YES_AGGRESSIVE;
				CLANG_WARN_UNREACHABLE_CODE = YES;
				CLANG_WARN__DUPLICATE_METHOD_MATCH = YES;
				COPY_PHASE_STRIP = NO;
				DEBUG_INFORMATION_FORMAT = dwarf;
				ENABLE_STRICT_OBJC_MSGSEND = YES;
				ENABLE_TESTABILITY = YES;
				GCC_C_LANGUAGE_STANDARD = gnu11;
				GCC_DYNAMIC_NO_PIC = NO;
				GCC_NO_COMMON_BLOCKS = YES;
				GCC_OPTIMIZATION_LEVEL = 0;
				GCC_PREPROCESSOR_DEFINITIONS = (
					"DEBUG=1",
					"$(inherited)",
				);
				GCC_WARN_64_TO_32_BIT_CONVERSION = YES;
				GCC_WARN_ABOUT_RETURN_TYPE = YES_ERROR;
				GCC_WARN_UNDECLARED_SELECTOR = YES;
				GCC_WARN_UNINITIALIZED_AUTOS = YES_AGGRESSIVE;
				GCC_WARN_UNUSED_FUNCTION = YES;
				GCC_WARN_UNUSED_VARIABLE = YES;
				IPHONEOS_DEPLOYMENT_TARGET = 16.2;
				MTL_ENABLE_DEBUG_INFO = INCLUDE_SOURCE;
				MTL_FAST_MATH = YES;
				ONLY_ACTIVE_ARCH = YES;
				SDKROOT = iphoneos;
				SWIFT_ACTIVE_COMPILATION_CONDITIONS = DEBUG;
				SWIFT_OPTIMIZATION_LEVEL = "-Onone";
			};
			name = Debug;
		};
		FA7E960129968C6100DE4A9C /* Release */ = {
			isa = XCBuildConfiguration;
			buildSettings = {
				ALWAYS_SEARCH_USER_PATHS = NO;
				CLANG_ANALYZER_NONNULL = YES;
				CLANG_ANALYZER_NUMBER_OBJECT_CONVERSION = YES_AGGRESSIVE;
				CLANG_CXX_LANGUAGE_STANDARD = "gnu++20";
				CLANG_ENABLE_MODULES = YES;
				CLANG_ENABLE_OBJC_ARC = YES;
				CLANG_ENABLE_OBJC_WEAK = YES;
				CLANG_WARN_BLOCK_CAPTURE_AUTORELEASING = YES;
				CLANG_WARN_BOOL_CONVERSION = YES;
				CLANG_WARN_COMMA = YES;
				CLANG_WARN_CONSTANT_CONVERSION = YES;
				CLANG_WARN_DEPRECATED_OBJC_IMPLEMENTATIONS = YES;
				CLANG_WARN_DIRECT_OBJC_ISA_USAGE = YES_ERROR;
				CLANG_WARN_DOCUMENTATION_COMMENTS = YES;
				CLANG_WARN_EMPTY_BODY = YES;
				CLANG_WARN_ENUM_CONVERSION = YES;
				CLANG_WARN_INFINITE_RECURSION = YES;
				CLANG_WARN_INT_CONVERSION = YES;
				CLANG_WARN_NON_LITERAL_NULL_CONVERSION = YES;
				CLANG_WARN_OBJC_IMPLICIT_RETAIN_SELF = YES;
				CLANG_WARN_OBJC_LITERAL_CONVERSION = YES;
				CLANG_WARN_OBJC_ROOT_CLASS = YES_ERROR;
				CLANG_WARN_QUOTED_INCLUDE_IN_FRAMEWORK_HEADER = YES;
				CLANG_WARN_RANGE_LOOP_ANALYSIS = YES;
				CLANG_WARN_STRICT_PROTOTYPES = YES;
				CLANG_WARN_SUSPICIOUS_MOVE = YES;
				CLANG_WARN_UNGUARDED_AVAILABILITY = YES_AGGRESSIVE;
				CLANG_WARN_UNREACHABLE_CODE = YES;
				CLANG_WARN__DUPLICATE_METHOD_MATCH = YES;
				COPY_PHASE_STRIP = NO;
				DEBUG_INFORMATION_FORMAT = "dwarf-with-dsym";
				ENABLE_NS_ASSERTIONS = NO;
				ENABLE_STRICT_OBJC_MSGSEND = YES;
				GCC_C_LANGUAGE_STANDARD = gnu11;
				GCC_NO_COMMON_BLOCKS = YES;
				GCC_WARN_64_TO_32_BIT_CONVERSION = YES;
				GCC_WARN_ABOUT_RETURN_TYPE = YES_ERROR;
				GCC_WARN_UNDECLARED_SELECTOR = YES;
				GCC_WARN_UNINITIALIZED_AUTOS = YES_AGGRESSIVE;
				GCC_WARN_UNUSED_FUNCTION = YES;
				GCC_WARN_UNUSED_VARIABLE = YES;
				IPHONEOS_DEPLOYMENT_TARGET = 16.2;
				MTL_ENABLE_DEBUG_INFO = NO;
				MTL_FAST_MATH = YES;
				SDKROOT = iphoneos;
				SWIFT_COMPILATION_MODE = wholemodule;
				SWIFT_OPTIMIZATION_LEVEL = "-O";
				VALIDATE_PRODUCT = YES;
			};
			name = Release;
		};
		FA7E960329968C6100DE4A9C /* Debug */ = {
			isa = XCBuildConfiguration;
			buildSettings = {
				ASSETCATALOG_COMPILER_APPICON_NAME = AppIcon;
				ASSETCATALOG_COMPILER_GLOBAL_ACCENT_COLOR_NAME = AccentColor;
				CODE_SIGN_STYLE = Automatic;
				CURRENT_PROJECT_VERSION = 1;
				DEVELOPMENT_TEAM = U3T8H6J3Z8;
				GENERATE_INFOPLIST_FILE = YES;
				INFOPLIST_FILE = VoiceReminder/Resources/Info.plist;
				INFOPLIST_KEY_UIApplicationSupportsIndirectInputEvents = YES;
				INFOPLIST_KEY_UILaunchStoryboardName = LaunchScreen;
				INFOPLIST_KEY_UIMainStoryboardFile = Main;
				INFOPLIST_KEY_UISupportedInterfaceOrientations_iPad = "UIInterfaceOrientationPortrait UIInterfaceOrientationPortraitUpsideDown UIInterfaceOrientationLandscapeLeft UIInterfaceOrientationLandscapeRight";
				INFOPLIST_KEY_UISupportedInterfaceOrientations_iPhone = "UIInterfaceOrientationPortrait UIInterfaceOrientationLandscapeLeft UIInterfaceOrientationLandscapeRight";
				LD_RUNPATH_SEARCH_PATHS = (
					"$(inherited)",
					"@executable_path/Frameworks",
				);
				MARKETING_VERSION = 1.0;
				PRODUCT_BUNDLE_IDENTIFIER = "danil112011-mail.ru.VoiceReminder";
				PRODUCT_NAME = "$(TARGET_NAME)";
				SWIFT_EMIT_LOC_STRINGS = YES;
				SWIFT_VERSION = 5.0;
				TARGETED_DEVICE_FAMILY = "1,2";
			};
			name = Debug;
		};
		FA7E960429968C6100DE4A9C /* Release */ = {
			isa = XCBuildConfiguration;
			buildSettings = {
				ASSETCATALOG_COMPILER_APPICON_NAME = AppIcon;
				ASSETCATALOG_COMPILER_GLOBAL_ACCENT_COLOR_NAME = AccentColor;
				CODE_SIGN_STYLE = Automatic;
				CURRENT_PROJECT_VERSION = 1;
				DEVELOPMENT_TEAM = U3T8H6J3Z8;
				GENERATE_INFOPLIST_FILE = YES;
				INFOPLIST_FILE = VoiceReminder/Resources/Info.plist;
				INFOPLIST_KEY_UIApplicationSupportsIndirectInputEvents = YES;
				INFOPLIST_KEY_UILaunchStoryboardName = LaunchScreen;
				INFOPLIST_KEY_UIMainStoryboardFile = Main;
				INFOPLIST_KEY_UISupportedInterfaceOrientations_iPad = "UIInterfaceOrientationPortrait UIInterfaceOrientationPortraitUpsideDown UIInterfaceOrientationLandscapeLeft UIInterfaceOrientationLandscapeRight";
				INFOPLIST_KEY_UISupportedInterfaceOrientations_iPhone = "UIInterfaceOrientationPortrait UIInterfaceOrientationLandscapeLeft UIInterfaceOrientationLandscapeRight";
				LD_RUNPATH_SEARCH_PATHS = (
					"$(inherited)",
					"@executable_path/Frameworks",
				);
				MARKETING_VERSION = 1.0;
				PRODUCT_BUNDLE_IDENTIFIER = "danil112011-mail.ru.VoiceReminder";
				PRODUCT_NAME = "$(TARGET_NAME)";
				SWIFT_EMIT_LOC_STRINGS = YES;
				SWIFT_VERSION = 5.0;
				TARGETED_DEVICE_FAMILY = "1,2";
			};
			name = Release;
		};
/* End XCBuildConfiguration section */

/* Begin XCConfigurationList section */
		FA7E95E629968C6100DE4A9C /* Build configuration list for PBXProject "VoiceReminder" */ = {
			isa = XCConfigurationList;
			buildConfigurations = (
				FA7E960029968C6100DE4A9C /* Debug */,
				FA7E960129968C6100DE4A9C /* Release */,
			);
			defaultConfigurationIsVisible = 0;
			defaultConfigurationName = Release;
		};
		FA7E960229968C6100DE4A9C /* Build configuration list for PBXNativeTarget "VoiceReminder" */ = {
			isa = XCConfigurationList;
			buildConfigurations = (
				FA7E960329968C6100DE4A9C /* Debug */,
				FA7E960429968C6100DE4A9C /* Release */,
			);
			defaultConfigurationIsVisible = 0;
			defaultConfigurationName = Release;
		};
/* End XCConfigurationList section */

/* Begin XCVersionGroup section */
		FA7E95F729968C6100DE4A9C /* VoiceReminder.xcdatamodeld */ = {
			isa = XCVersionGroup;
			children = (
				FA7E95F829968C6100DE4A9C /* VoiceReminder.xcdatamodel */,
			);
			currentVersion = FA7E95F829968C6100DE4A9C /* VoiceReminder.xcdatamodel */;
			path = VoiceReminder.xcdatamodeld;
			sourceTree = "<group>";
			versionGroupType = wrapper.xcdatamodel;
		};
/* End XCVersionGroup section */
	};
	rootObject = FA7E95E329968C6100DE4A9C /* Project object */;
}
